PODS:
  - Alamofire (5.2.1)
  - AttributedString (1.6.8)
  - Differentiator (4.0.1)
  - ESTabBarController-swift (2.8.0)
  - HandyJSON (5.0.2)
  - IQKeyboardManagerSwift (6.5.5)
  - Kingfisher (5.14.0):
    - Kingfisher/Core (= 5.14.0)
  - Kingfisher/Core (5.14.0)
  - LookinServer (1.0.0)
  - Moya/Core (14.0.0):
    - Alamofire (~> 5.0)
  - Moya/RxSwift (14.0.0):
    - Moya/Core
    - RxSwift (~> 5.0)
  - "NSObject+Rx (5.1.0)":
    - RxSwift (~> 5.1)
  - RxCocoa (5.1.1):
    - RxRelay (~> 5)
    - RxSwift (~> 5)
  - RxDataSources (4.0.1):
    - Differentiator (~> 4.0)
    - RxCocoa (~> 5.0)
    - RxSwift (~> 5.0)
  - RxRelay (5.1.1):
    - RxSwift (~> 5)
  - RxSwift (5.1.1)
  - SnapKit (5.0.1)
  - SSCustomTabbar (2.0.6)
  - SwiftLint (0.43.0)
  - SwiftyAttributes (5.1.1)
  - TangramKit (1.4.2)
  - TextFieldEffects (1.6.0)
  - Then (2.7.0)
  - Toast-Swift (5.0.1)

DEPENDENCIES:
  - AttributedString
  - ESTabBarController-swift
  - HandyJSON
  - IQKeyboardManagerSwift
  - Kingfisher
  - LookinServer
  - Moya/RxSwift
  - "NSObject+Rx"
  - RxCocoa
  - RxDataSources
  - RxSwift
  - SnapKit
  - SSCustomTabbar
  - SwiftLint
  - SwiftyAttributes
  - TangramKit
  - TextFieldEffects
  - Then
  - Toast-Swift

SPEC REPOS:
  trunk:
    - Alamofire
    - AttributedString
    - Differentiator
    - ESTabBarController-swift
    - HandyJSON
    - IQKeyboardManagerSwift
    - Kingfisher
    - LookinServer
    - Moya
    - "NSObject+Rx"
    - RxCocoa
    - RxDataSources
    - RxRelay
    - RxSwift
    - SnapKit
    - SSCustomTabbar
    - SwiftLint
    - SwiftyAttributes
    - TangramKit
    - TextFieldEffects
    - Then
    - Toast-Swift

SPEC CHECKSUMS:
  Alamofire: e911732990610fe89af59ac0077f923d72dc3dfd
  AttributedString: 20191014381c897ea03bd6733a21b8f6e98145d1
  Differentiator: 886080237d9f87f322641dedbc5be257061b0602
  ESTabBarController-swift: 05593a6ad64700b03c0eb60ff625916370aa4136
  HandyJSON: 9e4e236f5d2dbefad5155a77417bbea438201c03
  IQKeyboardManagerSwift: 0fb93310284665245591f50f7a5e38de615960b7
  Kingfisher: 7b64389a43139c903ec434788344c288217c792d
  LookinServer: 0002891cd3cec5e082a910e897dfe71b4f06b89e
  Moya: 5b45dacb75adb009f97fde91c204c1e565d31916
  "NSObject+Rx": fa6bbcc1ab1faa06b01466bc09b1e0692bbc5946
  RxCocoa: 32065309a38d29b5b0db858819b5bf9ef038b601
  RxDataSources: efee07fa4de48477eca0a4611e6d11e2da9c1114
  RxRelay: d77f7d771495f43c556cbc43eebd1bb54d01e8e9
  RxSwift: 81470a2074fa8780320ea5fe4102807cb7118178
  SnapKit: 97b92857e3df3a0c71833cce143274bf6ef8e5eb
  SSCustomTabbar: a52533e429bd40f52ce8d7ecb801f3521fbd56a0
  SwiftLint: 0c645fdc6feed3e390c1701ab3cc669f88b42752
  SwiftyAttributes: e3e13891ddac3c62b3d7798d5c3969cea88e62bb
  TangramKit: aad3ab8f9617418c9da96d59cddd71134ae8af83
  TextFieldEffects: 529b8aff706fb40f82c41c780c0777941a893796
  Then: acfe0be7e98221c6204e12f8161459606d5d822d
  Toast-Swift: 9b6a70f28b3bf0b96c40d46c0c4b9d6639846711

PODFILE CHECKSUM: aa51e7a64c4a239e4f51041af6538f92b496c5e1

COCOAPODS: 1.10.1
