// !$*UTF8*$!
{
	archiveVersion = 1;
	classes = {
	};
	objectVersion = 51;
	objects = {

/* Begin PBXBuildFile section */
		380170A226CE8E9E00672A16 /* SubStringCnotroller.swift in Sources */ = {isa = PBXBuildFile; fileRef = 380170A126CE8E9E00672A16 /* SubStringCnotroller.swift */; };
		3818996B28DC8A84006541D9 /* PopTriangleController.swift in Sources */ = {isa = PBXBuildFile; fileRef = 3818996A28DC8A84006541D9 /* PopTriangleController.swift */; };
		382819E025FA3AC6006A9AFA /* MassiveViewController.swift in Sources */ = {isa = PBXBuildFile; fileRef = 382819DF25FA3AC6006A9AFA /* MassiveViewController.swift */; };
		382819E525FA4C5C006A9AFA /* MVCController.swift in Sources */ = {isa = PBXBuildFile; fileRef = 382819E425FA4C5C006A9AFA /* MVCController.swift */; };
		382819E825FA4D02006A9AFA /* ToDoItem.swift in Sources */ = {isa = PBXBuildFile; fileRef = 382819E725FA4D02006A9AFA /* ToDoItem.swift */; };
		3844308325E7544800D31FC3 /* ImageViewController.swift in Sources */ = {isa = PBXBuildFile; fileRef = 3844308225E7544800D31FC3 /* ImageViewController.swift */; };
		3873E85D28BF63B90064CBAC /* IconFontCode.swift in Sources */ = {isa = PBXBuildFile; fileRef = 3873E85828BF63B80064CBAC /* IconFontCode.swift */; };
		3873E85E28BF63B90064CBAC /* iconfont.ttf in Resources */ = {isa = PBXBuildFile; fileRef = 3873E85928BF63B80064CBAC /* iconfont.ttf */; };
		3873E86028BF63B90064CBAC /* MWIconFont.swift in Sources */ = {isa = PBXBuildFile; fileRef = 3873E85B28BF63B80064CBAC /* MWIconFont.swift */; };
		3873E86228BF64370064CBAC /* IconFontController.swift in Sources */ = {isa = PBXBuildFile; fileRef = 3873E86128BF64370064CBAC /* IconFontController.swift */; };
		3888E59B262840B200B17EA9 /* NSNumber+Ext.swift in Sources */ = {isa = PBXBuildFile; fileRef = 3888E59A262840B200B17EA9 /* NSNumber+Ext.swift */; };
		3888E59E262840CD00B17EA9 /* UIWindow+Ext.swift in Sources */ = {isa = PBXBuildFile; fileRef = 3888E59D262840CD00B17EA9 /* UIWindow+Ext.swift */; };
		3888E5A12628410A00B17EA9 /* Bundle+Ext.swift in Sources */ = {isa = PBXBuildFile; fileRef = 3888E5A02628410A00B17EA9 /* Bundle+Ext.swift */; };
		3888E5A4262943C900B17EA9 /* CALayer+Ext.swift in Sources */ = {isa = PBXBuildFile; fileRef = 3888E5A3262943C900B17EA9 /* CALayer+Ext.swift */; };
		38961990288EB39D009C7DA9 /* Localizable.strings in Resources */ = {isa = PBXBuildFile; fileRef = 38961992288EB39D009C7DA9 /* Localizable.strings */; };
		38961995288EB3A6009C7DA9 /* Localizable.stringsdict in Resources */ = {isa = PBXBuildFile; fileRef = 38961997288EB3A6009C7DA9 /* Localizable.stringsdict */; };
		3896199B288EB418009C7DA9 /* LocalizableController.swift in Sources */ = {isa = PBXBuildFile; fileRef = 3896199A288EB418009C7DA9 /* LocalizableController.swift */; };
		38D5E7A525FF2D1B007C35DE /* TitleTagViewController.swift in Sources */ = {isa = PBXBuildFile; fileRef = 38D5E7A425FF2D1B007C35DE /* TitleTagViewController.swift */; };
		38DA15B225EE0B8600B89A43 /* UICollectionViewMove.swift in Sources */ = {isa = PBXBuildFile; fileRef = 38DA15B125EE0B8600B89A43 /* UICollectionViewMove.swift */; };
		38DA15BB25EE0EF000B89A43 /* EditCollectionViewCell.xib in Resources */ = {isa = PBXBuildFile; fileRef = 38DA15B925EE0EF000B89A43 /* EditCollectionViewCell.xib */; };
		38DA15BC25EE0EF000B89A43 /* EditCollectionViewCell.swift in Sources */ = {isa = PBXBuildFile; fileRef = 38DA15BA25EE0EF000B89A43 /* EditCollectionViewCell.swift */; };
		78915EDC1B8708D8D323C211 /* Pods_RxSwiftWorkspace.framework in Frameworks */ = {isa = PBXBuildFile; fileRef = 92E9E9FB450CD6B5DB49115B /* Pods_RxSwiftWorkspace.framework */; };
		C255A1EE24A5F0D400E3C0F1 /* MineViewController.swift in Sources */ = {isa = PBXBuildFile; fileRef = C255A1ED24A5F0D400E3C0F1 /* MineViewController.swift */; };
		C255A1F024A5F2A700E3C0F1 /* TagsView.swift in Sources */ = {isa = PBXBuildFile; fileRef = C255A1EF24A5F2A700E3C0F1 /* TagsView.swift */; };
		C258BDA623C431D400C63040 /* Storyboard.storyboard in Resources */ = {isa = PBXBuildFile; fileRef = C258BDA523C431D300C63040 /* Storyboard.storyboard */; };
		C274B3A722FC0A43004DF760 /* LoginViewModel.swift in Sources */ = {isa = PBXBuildFile; fileRef = C274B3A622FC0A43004DF760 /* LoginViewModel.swift */; };
		C274B3A922FC22AA004DF760 /* UIView+Rx.swift in Sources */ = {isa = PBXBuildFile; fileRef = C274B3A822FC22AA004DF760 /* UIView+Rx.swift */; };
		C274B3AE22FD0C81004DF760 /* AsunBasicAttributes.swift in Sources */ = {isa = PBXBuildFile; fileRef = C274B3AC22FD0C81004DF760 /* AsunBasicAttributes.swift */; };
		C274B3AF22FD0C81004DF760 /* CodeView.swift in Sources */ = {isa = PBXBuildFile; fileRef = C274B3AD22FD0C81004DF760 /* CodeView.swift */; };
		C2EEC04D22F5808900422421 /* AppDelegate.swift in Sources */ = {isa = PBXBuildFile; fileRef = C2EEC04C22F5808900422421 /* AppDelegate.swift */; };
		C2EEC05422F5808B00422421 /* Assets.xcassets in Resources */ = {isa = PBXBuildFile; fileRef = C2EEC05322F5808B00422421 /* Assets.xcassets */; };
		C2EEC05722F5808B00422421 /* LaunchScreen.storyboard in Resources */ = {isa = PBXBuildFile; fileRef = C2EEC05522F5808B00422421 /* LaunchScreen.storyboard */; };
		C2EEC07422F5811A00422421 /* TabBar.json in Resources */ = {isa = PBXBuildFile; fileRef = C2EEC06B22F5811900422421 /* TabBar.json */; };
		C2EEC07522F5811A00422421 /* YMTabBarController.swift in Sources */ = {isa = PBXBuildFile; fileRef = C2EEC06D22F5811900422421 /* YMTabBarController.swift */; };
		C2EEC07622F5811A00422421 /* YMNavigationController.swift in Sources */ = {isa = PBXBuildFile; fileRef = C2EEC06E22F5811900422421 /* YMNavigationController.swift */; };
		C2EEC07722F5811A00422421 /* BaseData.swift in Sources */ = {isa = PBXBuildFile; fileRef = C2EEC06F22F5811900422421 /* BaseData.swift */; };
		C2EEC07E22F5A4B700422421 /* RxListController.swift in Sources */ = {isa = PBXBuildFile; fileRef = C2EEC07D22F5A4B700422421 /* RxListController.swift */; };
		C2EEC08122F5A4ED00422421 /* UIListController.swift in Sources */ = {isa = PBXBuildFile; fileRef = C2EEC08022F5A4ED00422421 /* UIListController.swift */; };
		C2EEC08422F5AB9000422421 /* SwiftController.swift in Sources */ = {isa = PBXBuildFile; fileRef = C2EEC08322F5AB9000422421 /* SwiftController.swift */; };
		C2EEC08722F6A31D00422421 /* SharedController.swift in Sources */ = {isa = PBXBuildFile; fileRef = C2EEC08622F6A31D00422421 /* SharedController.swift */; };
		C2EEC08C22F6A9CE00422421 /* Common.swift in Sources */ = {isa = PBXBuildFile; fileRef = C2EEC08B22F6A9CE00422421 /* Common.swift */; };
		C2EEC08E22F6AD5C00422421 /* BaseViewController.swift in Sources */ = {isa = PBXBuildFile; fileRef = C2EEC08D22F6AD5C00422421 /* BaseViewController.swift */; };
		C2EEC09122F6B9B200422421 /* KeywordController.swift in Sources */ = {isa = PBXBuildFile; fileRef = C2EEC09022F6B9B200422421 /* KeywordController.swift */; };
		C2EEC09422F6BC3000422421 /* ClsStruController.swift in Sources */ = {isa = PBXBuildFile; fileRef = C2EEC09322F6BC3000422421 /* ClsStruController.swift */; };
		C2EEC09622F6BDD500422421 /* clsStru.png in Resources */ = {isa = PBXBuildFile; fileRef = C2EEC09522F6BDD500422421 /* clsStru.png */; };
		C2EEC09922F6C1CD00422421 /* TargetActionController.swift in Sources */ = {isa = PBXBuildFile; fileRef = C2EEC09822F6C1CD00422421 /* TargetActionController.swift */; };
		C2EEC09B22F6C3B400422421 /* BaseTableViewController.swift in Sources */ = {isa = PBXBuildFile; fileRef = C2EEC09A22F6C3B400422421 /* BaseTableViewController.swift */; };
		C2EEC09E22F6C63200422421 /* KVOController.swift in Sources */ = {isa = PBXBuildFile; fileRef = C2EEC09D22F6C63200422421 /* KVOController.swift */; };
		C2EEC0A122F6C7DF00422421 /* BlockController.swift in Sources */ = {isa = PBXBuildFile; fileRef = C2EEC0A022F6C7DF00422421 /* BlockController.swift */; };
		C2EEC0A422F6CCD700422421 /* NotiController.swift in Sources */ = {isa = PBXBuildFile; fileRef = C2EEC0A322F6CCD700422421 /* NotiController.swift */; };
		C2FAC43A22F954290089B3E4 /* BaseAPI.swift in Sources */ = {isa = PBXBuildFile; fileRef = C2FAC43922F954290089B3E4 /* BaseAPI.swift */; };
		C2FAC43C22F95D070089B3E4 /* LoginAPI.swift in Sources */ = {isa = PBXBuildFile; fileRef = C2FAC43B22F95D070089B3E4 /* LoginAPI.swift */; };
		C2FCC0FB22FA7EEB001C6A2A /* LoginController.swift in Sources */ = {isa = PBXBuildFile; fileRef = C2FCC0FA22FA7EEB001C6A2A /* LoginController.swift */; };
		C2FCC0FD22FA7EF7001C6A2A /* CodeController.swift in Sources */ = {isa = PBXBuildFile; fileRef = C2FCC0FC22FA7EF7001C6A2A /* CodeController.swift */; };
		C2FCC10F22FAC5E4001C6A2A /* Tools.swift in Sources */ = {isa = PBXBuildFile; fileRef = C2FCC10B22FAC5E4001C6A2A /* Tools.swift */; };
		C2FCC11022FAC5E4001C6A2A /* UIView+Ext.swift in Sources */ = {isa = PBXBuildFile; fileRef = C2FCC10C22FAC5E4001C6A2A /* UIView+Ext.swift */; };
		C2FCC11122FAC5E4001C6A2A /* String+Ext.swift in Sources */ = {isa = PBXBuildFile; fileRef = C2FCC10D22FAC5E4001C6A2A /* String+Ext.swift */; };
		C2FCC11222FAC5E4001C6A2A /* UIColor+Ext.swift in Sources */ = {isa = PBXBuildFile; fileRef = C2FCC10E22FAC5E4001C6A2A /* UIColor+Ext.swift */; };
		C2FCC11422FAC63C001C6A2A /* BaseViewModel.swift in Sources */ = {isa = PBXBuildFile; fileRef = C2FCC11322FAC63C001C6A2A /* BaseViewModel.swift */; };
/* End PBXBuildFile section */

/* Begin PBXFileReference section */
		042020900BECC8A0C92E4B72 /* Pods-RxSwiftWorkspace.release.xcconfig */ = {isa = PBXFileReference; includeInIndex = 1; lastKnownFileType = text.xcconfig; name = "Pods-RxSwiftWorkspace.release.xcconfig"; path = "Target Support Files/Pods-RxSwiftWorkspace/Pods-RxSwiftWorkspace.release.xcconfig"; sourceTree = "<group>"; };
		380170A126CE8E9E00672A16 /* SubStringCnotroller.swift */ = {isa = PBXFileReference; lastKnownFileType = sourcecode.swift; path = SubStringCnotroller.swift; sourceTree = "<group>"; };
		3818996A28DC8A84006541D9 /* PopTriangleController.swift */ = {isa = PBXFileReference; lastKnownFileType = sourcecode.swift; path = PopTriangleController.swift; sourceTree = "<group>"; };
		382819DF25FA3AC6006A9AFA /* MassiveViewController.swift */ = {isa = PBXFileReference; lastKnownFileType = sourcecode.swift; path = MassiveViewController.swift; sourceTree = "<group>"; };
		382819E425FA4C5C006A9AFA /* MVCController.swift */ = {isa = PBXFileReference; lastKnownFileType = sourcecode.swift; path = MVCController.swift; sourceTree = "<group>"; };
		382819E725FA4D02006A9AFA /* ToDoItem.swift */ = {isa = PBXFileReference; lastKnownFileType = sourcecode.swift; path = ToDoItem.swift; sourceTree = "<group>"; };
		3844308225E7544800D31FC3 /* ImageViewController.swift */ = {isa = PBXFileReference; lastKnownFileType = sourcecode.swift; path = ImageViewController.swift; sourceTree = "<group>"; };
		3845892525FB6D7D0012DA6A /* .swiftlint.yml */ = {isa = PBXFileReference; lastKnownFileType = text.yaml; path = .swiftlint.yml; sourceTree = "<group>"; };
		3873E85828BF63B80064CBAC /* IconFontCode.swift */ = {isa = PBXFileReference; fileEncoding = 4; lastKnownFileType = sourcecode.swift; path = IconFontCode.swift; sourceTree = "<group>"; };
		3873E85928BF63B80064CBAC /* iconfont.ttf */ = {isa = PBXFileReference; lastKnownFileType = file; path = iconfont.ttf; sourceTree = "<group>"; };
		3873E85B28BF63B80064CBAC /* MWIconFont.swift */ = {isa = PBXFileReference; fileEncoding = 4; lastKnownFileType = sourcecode.swift; path = MWIconFont.swift; sourceTree = "<group>"; };
		3873E86128BF64370064CBAC /* IconFontController.swift */ = {isa = PBXFileReference; lastKnownFileType = sourcecode.swift; path = IconFontController.swift; sourceTree = "<group>"; };
		3888E59A262840B200B17EA9 /* NSNumber+Ext.swift */ = {isa = PBXFileReference; fileEncoding = 4; lastKnownFileType = sourcecode.swift; path = "NSNumber+Ext.swift"; sourceTree = "<group>"; };
		3888E59D262840CD00B17EA9 /* UIWindow+Ext.swift */ = {isa = PBXFileReference; fileEncoding = 4; lastKnownFileType = sourcecode.swift; path = "UIWindow+Ext.swift"; sourceTree = "<group>"; };
		3888E5A02628410A00B17EA9 /* Bundle+Ext.swift */ = {isa = PBXFileReference; fileEncoding = 4; lastKnownFileType = sourcecode.swift; path = "Bundle+Ext.swift"; sourceTree = "<group>"; };
		3888E5A3262943C900B17EA9 /* CALayer+Ext.swift */ = {isa = PBXFileReference; fileEncoding = 4; lastKnownFileType = sourcecode.swift; path = "CALayer+Ext.swift"; sourceTree = "<group>"; };
		3896198E288EB38A009C7DA9 /* zh-Hans */ = {isa = PBXFileReference; lastKnownFileType = text.plist.strings; name = "zh-Hans"; path = "zh-Hans.lproj/LaunchScreen.strings"; sourceTree = "<group>"; };
		3896198F288EB392009C7DA9 /* th */ = {isa = PBXFileReference; lastKnownFileType = text.plist.strings; name = th; path = th.lproj/LaunchScreen.strings; sourceTree = "<group>"; };
		38961991288EB39D009C7DA9 /* en */ = {isa = PBXFileReference; lastKnownFileType = text.plist.strings; name = en; path = en.lproj/Localizable.strings; sourceTree = "<group>"; };
		38961993288EB39F009C7DA9 /* zh-Hans */ = {isa = PBXFileReference; lastKnownFileType = text.plist.strings; name = "zh-Hans"; path = "zh-Hans.lproj/Localizable.strings"; sourceTree = "<group>"; };
		38961994288EB3A0009C7DA9 /* th */ = {isa = PBXFileReference; lastKnownFileType = text.plist.strings; name = th; path = th.lproj/Localizable.strings; sourceTree = "<group>"; };
		38961996288EB3A6009C7DA9 /* en */ = {isa = PBXFileReference; lastKnownFileType = text.plist.stringsdict; name = en; path = en.lproj/Localizable.stringsdict; sourceTree = "<group>"; };
		38961998288EB3A8009C7DA9 /* zh-Hans */ = {isa = PBXFileReference; lastKnownFileType = text.plist.stringsdict; name = "zh-Hans"; path = "zh-Hans.lproj/Localizable.stringsdict"; sourceTree = "<group>"; };
		38961999288EB3A9009C7DA9 /* th */ = {isa = PBXFileReference; lastKnownFileType = text.plist.stringsdict; name = th; path = th.lproj/Localizable.stringsdict; sourceTree = "<group>"; };
		3896199A288EB418009C7DA9 /* LocalizableController.swift */ = {isa = PBXFileReference; lastKnownFileType = sourcecode.swift; path = LocalizableController.swift; sourceTree = "<group>"; };
		38BC1B2F25C0323800D31E4C /* MyPlayground.playground */ = {isa = PBXFileReference; lastKnownFileType = file.playground; path = MyPlayground.playground; sourceTree = "<group>"; };
		38C1C80B2872996C00B7AF60 /* Common.xcconfig */ = {isa = PBXFileReference; lastKnownFileType = text.xcconfig; path = Common.xcconfig; sourceTree = "<group>"; };
		38C1C80C287299AF00B7AF60 /* AppStoreProject.xcconfig */ = {isa = PBXFileReference; lastKnownFileType = text.xcconfig; path = AppStoreProject.xcconfig; sourceTree = "<group>"; };
		38C1C80D28729A8000B7AF60 /* ReleaseProject.xcconfig */ = {isa = PBXFileReference; lastKnownFileType = text.xcconfig; path = ReleaseProject.xcconfig; sourceTree = "<group>"; };
		38C1C80E28729A8A00B7AF60 /* DebugProject.xcconfig */ = {isa = PBXFileReference; lastKnownFileType = text.xcconfig; path = DebugProject.xcconfig; sourceTree = "<group>"; };
		38C1C80F28729A9700B7AF60 /* AppStoreTarget.xcconfig */ = {isa = PBXFileReference; lastKnownFileType = text.xcconfig; path = AppStoreTarget.xcconfig; sourceTree = "<group>"; };
		38C1C81028729AA000B7AF60 /* DebugTarget.xcconfig */ = {isa = PBXFileReference; lastKnownFileType = text.xcconfig; path = DebugTarget.xcconfig; sourceTree = "<group>"; };
		38C1C81128729AAB00B7AF60 /* ReleaseTarget.xcconfig */ = {isa = PBXFileReference; lastKnownFileType = text.xcconfig; path = ReleaseTarget.xcconfig; sourceTree = "<group>"; };
		38D5E7A425FF2D1B007C35DE /* TitleTagViewController.swift */ = {isa = PBXFileReference; lastKnownFileType = sourcecode.swift; path = TitleTagViewController.swift; sourceTree = "<group>"; };
		38DA15B125EE0B8600B89A43 /* UICollectionViewMove.swift */ = {isa = PBXFileReference; lastKnownFileType = sourcecode.swift; path = UICollectionViewMove.swift; sourceTree = "<group>"; };
		38DA15B925EE0EF000B89A43 /* EditCollectionViewCell.xib */ = {isa = PBXFileReference; fileEncoding = 4; lastKnownFileType = file.xib; path = EditCollectionViewCell.xib; sourceTree = "<group>"; };
		38DA15BA25EE0EF000B89A43 /* EditCollectionViewCell.swift */ = {isa = PBXFileReference; fileEncoding = 4; lastKnownFileType = sourcecode.swift; path = EditCollectionViewCell.swift; sourceTree = "<group>"; };
		91C73C57FE26ED99AD06EA47 /* Pods-RxSwiftWorkspace.appstore.xcconfig */ = {isa = PBXFileReference; includeInIndex = 1; lastKnownFileType = text.xcconfig; name = "Pods-RxSwiftWorkspace.appstore.xcconfig"; path = "Target Support Files/Pods-RxSwiftWorkspace/Pods-RxSwiftWorkspace.appstore.xcconfig"; sourceTree = "<group>"; };
		92E9E9FB450CD6B5DB49115B /* Pods_RxSwiftWorkspace.framework */ = {isa = PBXFileReference; explicitFileType = wrapper.framework; includeInIndex = 0; path = Pods_RxSwiftWorkspace.framework; sourceTree = BUILT_PRODUCTS_DIR; };
		A676FBFC02F753101685184E /* Pods-RxSwiftWorkspace.debug.xcconfig */ = {isa = PBXFileReference; includeInIndex = 1; lastKnownFileType = text.xcconfig; name = "Pods-RxSwiftWorkspace.debug.xcconfig"; path = "Target Support Files/Pods-RxSwiftWorkspace/Pods-RxSwiftWorkspace.debug.xcconfig"; sourceTree = "<group>"; };
		C255A1ED24A5F0D400E3C0F1 /* MineViewController.swift */ = {isa = PBXFileReference; lastKnownFileType = sourcecode.swift; path = MineViewController.swift; sourceTree = "<group>"; };
		C255A1EF24A5F2A700E3C0F1 /* TagsView.swift */ = {isa = PBXFileReference; lastKnownFileType = sourcecode.swift; path = TagsView.swift; sourceTree = "<group>"; };
		C258BDA523C431D300C63040 /* Storyboard.storyboard */ = {isa = PBXFileReference; lastKnownFileType = file.storyboard; path = Storyboard.storyboard; sourceTree = "<group>"; };
		C274B3A622FC0A43004DF760 /* LoginViewModel.swift */ = {isa = PBXFileReference; lastKnownFileType = sourcecode.swift; path = LoginViewModel.swift; sourceTree = "<group>"; };
		C274B3A822FC22AA004DF760 /* UIView+Rx.swift */ = {isa = PBXFileReference; lastKnownFileType = sourcecode.swift; path = "UIView+Rx.swift"; sourceTree = "<group>"; };
		C274B3AC22FD0C81004DF760 /* AsunBasicAttributes.swift */ = {isa = PBXFileReference; fileEncoding = 4; lastKnownFileType = sourcecode.swift; path = AsunBasicAttributes.swift; sourceTree = "<group>"; };
		C274B3AD22FD0C81004DF760 /* CodeView.swift */ = {isa = PBXFileReference; fileEncoding = 4; lastKnownFileType = sourcecode.swift; path = CodeView.swift; sourceTree = "<group>"; };
		C2EEC04922F5808900422421 /* RxSwiftWorkspace.app */ = {isa = PBXFileReference; explicitFileType = wrapper.application; includeInIndex = 0; path = RxSwiftWorkspace.app; sourceTree = BUILT_PRODUCTS_DIR; };
		C2EEC04C22F5808900422421 /* AppDelegate.swift */ = {isa = PBXFileReference; lastKnownFileType = sourcecode.swift; path = AppDelegate.swift; sourceTree = "<group>"; };
		C2EEC05322F5808B00422421 /* Assets.xcassets */ = {isa = PBXFileReference; lastKnownFileType = folder.assetcatalog; path = Assets.xcassets; sourceTree = "<group>"; };
		C2EEC05622F5808B00422421 /* Base */ = {isa = PBXFileReference; lastKnownFileType = file.storyboard; name = Base; path = Base.lproj/LaunchScreen.storyboard; sourceTree = "<group>"; };
		C2EEC05822F5808B00422421 /* Info.plist */ = {isa = PBXFileReference; lastKnownFileType = text.plist.xml; path = Info.plist; sourceTree = "<group>"; };
		C2EEC06B22F5811900422421 /* TabBar.json */ = {isa = PBXFileReference; fileEncoding = 4; lastKnownFileType = text.json; path = TabBar.json; sourceTree = "<group>"; };
		C2EEC06D22F5811900422421 /* YMTabBarController.swift */ = {isa = PBXFileReference; fileEncoding = 4; lastKnownFileType = sourcecode.swift; path = YMTabBarController.swift; sourceTree = "<group>"; };
		C2EEC06E22F5811900422421 /* YMNavigationController.swift */ = {isa = PBXFileReference; fileEncoding = 4; lastKnownFileType = sourcecode.swift; path = YMNavigationController.swift; sourceTree = "<group>"; };
		C2EEC06F22F5811900422421 /* BaseData.swift */ = {isa = PBXFileReference; fileEncoding = 4; lastKnownFileType = sourcecode.swift; path = BaseData.swift; sourceTree = "<group>"; };
		C2EEC07D22F5A4B700422421 /* RxListController.swift */ = {isa = PBXFileReference; lastKnownFileType = sourcecode.swift; path = RxListController.swift; sourceTree = "<group>"; };
		C2EEC08022F5A4ED00422421 /* UIListController.swift */ = {isa = PBXFileReference; lastKnownFileType = sourcecode.swift; path = UIListController.swift; sourceTree = "<group>"; };
		C2EEC08322F5AB9000422421 /* SwiftController.swift */ = {isa = PBXFileReference; lastKnownFileType = sourcecode.swift; path = SwiftController.swift; sourceTree = "<group>"; };
		C2EEC08622F6A31D00422421 /* SharedController.swift */ = {isa = PBXFileReference; lastKnownFileType = sourcecode.swift; path = SharedController.swift; sourceTree = "<group>"; };
		C2EEC08B22F6A9CE00422421 /* Common.swift */ = {isa = PBXFileReference; lastKnownFileType = sourcecode.swift; path = Common.swift; sourceTree = "<group>"; };
		C2EEC08D22F6AD5C00422421 /* BaseViewController.swift */ = {isa = PBXFileReference; lastKnownFileType = sourcecode.swift; path = BaseViewController.swift; sourceTree = "<group>"; };
		C2EEC09022F6B9B200422421 /* KeywordController.swift */ = {isa = PBXFileReference; lastKnownFileType = sourcecode.swift; path = KeywordController.swift; sourceTree = "<group>"; };
		C2EEC09322F6BC3000422421 /* ClsStruController.swift */ = {isa = PBXFileReference; lastKnownFileType = sourcecode.swift; path = ClsStruController.swift; sourceTree = "<group>"; };
		C2EEC09522F6BDD500422421 /* clsStru.png */ = {isa = PBXFileReference; lastKnownFileType = image.png; path = clsStru.png; sourceTree = "<group>"; };
		C2EEC09822F6C1CD00422421 /* TargetActionController.swift */ = {isa = PBXFileReference; lastKnownFileType = sourcecode.swift; path = TargetActionController.swift; sourceTree = "<group>"; };
		C2EEC09A22F6C3B400422421 /* BaseTableViewController.swift */ = {isa = PBXFileReference; lastKnownFileType = sourcecode.swift; path = BaseTableViewController.swift; sourceTree = "<group>"; };
		C2EEC09D22F6C63200422421 /* KVOController.swift */ = {isa = PBXFileReference; lastKnownFileType = sourcecode.swift; path = KVOController.swift; sourceTree = "<group>"; };
		C2EEC0A022F6C7DF00422421 /* BlockController.swift */ = {isa = PBXFileReference; lastKnownFileType = sourcecode.swift; path = BlockController.swift; sourceTree = "<group>"; };
		C2EEC0A322F6CCD700422421 /* NotiController.swift */ = {isa = PBXFileReference; lastKnownFileType = sourcecode.swift; path = NotiController.swift; sourceTree = "<group>"; };
		C2FAC43922F954290089B3E4 /* BaseAPI.swift */ = {isa = PBXFileReference; lastKnownFileType = sourcecode.swift; path = BaseAPI.swift; sourceTree = "<group>"; };
		C2FAC43B22F95D070089B3E4 /* LoginAPI.swift */ = {isa = PBXFileReference; lastKnownFileType = sourcecode.swift; path = LoginAPI.swift; sourceTree = "<group>"; };
		C2FCC0FA22FA7EEB001C6A2A /* LoginController.swift */ = {isa = PBXFileReference; lastKnownFileType = sourcecode.swift; path = LoginController.swift; sourceTree = "<group>"; };
		C2FCC0FC22FA7EF7001C6A2A /* CodeController.swift */ = {isa = PBXFileReference; lastKnownFileType = sourcecode.swift; path = CodeController.swift; sourceTree = "<group>"; };
		C2FCC10B22FAC5E4001C6A2A /* Tools.swift */ = {isa = PBXFileReference; fileEncoding = 4; lastKnownFileType = sourcecode.swift; path = Tools.swift; sourceTree = "<group>"; };
		C2FCC10C22FAC5E4001C6A2A /* UIView+Ext.swift */ = {isa = PBXFileReference; fileEncoding = 4; lastKnownFileType = sourcecode.swift; path = "UIView+Ext.swift"; sourceTree = "<group>"; };
		C2FCC10D22FAC5E4001C6A2A /* String+Ext.swift */ = {isa = PBXFileReference; fileEncoding = 4; lastKnownFileType = sourcecode.swift; path = "String+Ext.swift"; sourceTree = "<group>"; };
		C2FCC10E22FAC5E4001C6A2A /* UIColor+Ext.swift */ = {isa = PBXFileReference; fileEncoding = 4; lastKnownFileType = sourcecode.swift; path = "UIColor+Ext.swift"; sourceTree = "<group>"; };
		C2FCC11322FAC63C001C6A2A /* BaseViewModel.swift */ = {isa = PBXFileReference; lastKnownFileType = sourcecode.swift; path = BaseViewModel.swift; sourceTree = "<group>"; };
/* End PBXFileReference section */

/* Begin PBXFrameworksBuildPhase section */
		C2EEC04622F5808900422421 /* Frameworks */ = {
			isa = PBXFrameworksBuildPhase;
			buildActionMask = 2147483647;
			files = (
				78915EDC1B8708D8D323C211 /* Pods_RxSwiftWorkspace.framework in Frameworks */,
			);
			runOnlyForDeploymentPostprocessing = 0;
		};
/* End PBXFrameworksBuildPhase section */

/* Begin PBXGroup section */
		3873E85728BF63B80064CBAC /* IconFont */ = {
			isa = PBXGroup;
			children = (
				3873E85828BF63B80064CBAC /* IconFontCode.swift */,
				3873E85928BF63B80064CBAC /* iconfont.ttf */,
				3873E85B28BF63B80064CBAC /* MWIconFont.swift */,
			);
			path = IconFont;
			sourceTree = "<group>";
		};
		38C1C8072872990400B7AF60 /* Configuration */ = {
			isa = PBXGroup;
			children = (
				38C1C80A2872995300B7AF60 /* Target */,
				38C1C8092872994900B7AF60 /* Project */,
				38C1C8082872994300B7AF60 /* Shared */,
			);
			name = Configuration;
			sourceTree = "<group>";
		};
		38C1C8082872994300B7AF60 /* Shared */ = {
			isa = PBXGroup;
			children = (
				38C1C80B2872996C00B7AF60 /* Common.xcconfig */,
			);
			name = Shared;
			sourceTree = "<group>";
		};
		38C1C8092872994900B7AF60 /* Project */ = {
			isa = PBXGroup;
			children = (
				38C1C80C287299AF00B7AF60 /* AppStoreProject.xcconfig */,
				38C1C80D28729A8000B7AF60 /* ReleaseProject.xcconfig */,
				38C1C80E28729A8A00B7AF60 /* DebugProject.xcconfig */,
			);
			name = Project;
			sourceTree = "<group>";
		};
		38C1C80A2872995300B7AF60 /* Target */ = {
			isa = PBXGroup;
			children = (
				38C1C80F28729A9700B7AF60 /* AppStoreTarget.xcconfig */,
				38C1C81128729AAB00B7AF60 /* ReleaseTarget.xcconfig */,
				38C1C81028729AA000B7AF60 /* DebugTarget.xcconfig */,
			);
			name = Target;
			sourceTree = "<group>";
		};
		929FC6006A72EAC85B8B15A0 /* Frameworks */ = {
			isa = PBXGroup;
			children = (
				92E9E9FB450CD6B5DB49115B /* Pods_RxSwiftWorkspace.framework */,
			);
			name = Frameworks;
			sourceTree = "<group>";
		};
		C20AE92D22F833B800071EEC /* 网络请求 */ = {
			isa = PBXGroup;
			children = (
				C2FAC43922F954290089B3E4 /* BaseAPI.swift */,
				C2FAC43B22F95D070089B3E4 /* LoginAPI.swift */,
			);
			path = "网络请求";
			sourceTree = "<group>";
		};
		C274B3AA22FD0C81004DF760 /* Lib */ = {
			isa = PBXGroup;
			children = (
				C274B3AB22FD0C81004DF760 /* CodeView */,
			);
			path = Lib;
			sourceTree = "<group>";
		};
		C274B3AB22FD0C81004DF760 /* CodeView */ = {
			isa = PBXGroup;
			children = (
				C274B3AC22FD0C81004DF760 /* AsunBasicAttributes.swift */,
				C274B3AD22FD0C81004DF760 /* CodeView.swift */,
			);
			path = CodeView;
			sourceTree = "<group>";
		};
		C2EEC04022F5808900422421 = {
			isa = PBXGroup;
			children = (
				3845892525FB6D7D0012DA6A /* .swiftlint.yml */,
				38BC1B2F25C0323800D31E4C /* MyPlayground.playground */,
				C2EEC04B22F5808900422421 /* RxSwiftWorkspace */,
				C2EEC04A22F5808900422421 /* Products */,
				F82B04C5C86D518C9F10CB97 /* Pods */,
				929FC6006A72EAC85B8B15A0 /* Frameworks */,
			);
			sourceTree = "<group>";
		};
		C2EEC04A22F5808900422421 /* Products */ = {
			isa = PBXGroup;
			children = (
				C2EEC04922F5808900422421 /* RxSwiftWorkspace.app */,
			);
			name = Products;
			sourceTree = "<group>";
		};
		C2EEC04B22F5808900422421 /* RxSwiftWorkspace */ = {
			isa = PBXGroup;
			children = (
				38C1C8072872990400B7AF60 /* Configuration */,
				C2EEC06222F5811900422421 /* YMHelpers */,
				C2EEC05F22F580B700422421 /* Modules */,
				C2EEC05E22F580A800422421 /* Main */,
				C2EEC04C22F5808900422421 /* AppDelegate.swift */,
				C258BDA523C431D300C63040 /* Storyboard.storyboard */,
				C2EEC05322F5808B00422421 /* Assets.xcassets */,
				C2EEC05522F5808B00422421 /* LaunchScreen.storyboard */,
				C2EEC05822F5808B00422421 /* Info.plist */,
				38961992288EB39D009C7DA9 /* Localizable.strings */,
				38961997288EB3A6009C7DA9 /* Localizable.stringsdict */,
			);
			path = RxSwiftWorkspace;
			sourceTree = "<group>";
		};
		C2EEC05E22F580A800422421 /* Main */ = {
			isa = PBXGroup;
			children = (
				C2FCC10222FAB4C9001C6A2A /* ViewModel */,
				C2EEC08822F6A64800422421 /* Model */,
				C2EEC06122F580E700422421 /* Controller */,
			);
			path = Main;
			sourceTree = "<group>";
		};
		C2EEC05F22F580B700422421 /* Modules */ = {
			isa = PBXGroup;
			children = (
				3873E85728BF63B80064CBAC /* IconFont */,
				C2EEC08222F5AB8200422421 /* SwiftList */,
				C2EEC07F22F5A4DA00422421 /* UIList */,
				C2EEC07C22F5A42F00422421 /* RxList */,
			);
			path = Modules;
			sourceTree = "<group>";
		};
		C2EEC06122F580E700422421 /* Controller */ = {
			isa = PBXGroup;
			children = (
				C2EEC08B22F6A9CE00422421 /* Common.swift */,
				C2EEC08D22F6AD5C00422421 /* BaseViewController.swift */,
				C2EEC09A22F6C3B400422421 /* BaseTableViewController.swift */,
			);
			path = Controller;
			sourceTree = "<group>";
		};
		C2EEC06222F5811900422421 /* YMHelpers */ = {
			isa = PBXGroup;
			children = (
				C274B3AA22FD0C81004DF760 /* Lib */,
				C2EEC06322F5811900422421 /* Extensions */,
				C2EEC06A22F5811900422421 /* Resource */,
				C2EEC06C22F5811900422421 /* Base */,
			);
			path = YMHelpers;
			sourceTree = "<group>";
		};
		C2EEC06322F5811900422421 /* Extensions */ = {
			isa = PBXGroup;
			children = (
				3888E5A3262943C900B17EA9 /* CALayer+Ext.swift */,
				3888E5A02628410A00B17EA9 /* Bundle+Ext.swift */,
				3888E59D262840CD00B17EA9 /* UIWindow+Ext.swift */,
				3888E59A262840B200B17EA9 /* NSNumber+Ext.swift */,
				C2FCC10D22FAC5E4001C6A2A /* String+Ext.swift */,
				C2FCC10B22FAC5E4001C6A2A /* Tools.swift */,
				C2FCC10E22FAC5E4001C6A2A /* UIColor+Ext.swift */,
				C2FCC10C22FAC5E4001C6A2A /* UIView+Ext.swift */,
				C274B3A822FC22AA004DF760 /* UIView+Rx.swift */,
			);
			path = Extensions;
			sourceTree = "<group>";
		};
		C2EEC06A22F5811900422421 /* Resource */ = {
			isa = PBXGroup;
			children = (
				C2EEC06B22F5811900422421 /* TabBar.json */,
			);
			path = Resource;
			sourceTree = "<group>";
		};
		C2EEC06C22F5811900422421 /* Base */ = {
			isa = PBXGroup;
			children = (
				C2EEC06F22F5811900422421 /* BaseData.swift */,
				C2FCC11322FAC63C001C6A2A /* BaseViewModel.swift */,
				C2EEC06E22F5811900422421 /* YMNavigationController.swift */,
				C2EEC06D22F5811900422421 /* YMTabBarController.swift */,
			);
			path = Base;
			sourceTree = "<group>";
		};
		C2EEC07C22F5A42F00422421 /* RxList */ = {
			isa = PBXGroup;
			children = (
				C2FCC0F922FA7C4A001C6A2A /* 登录 */,
				C20AE92D22F833B800071EEC /* 网络请求 */,
				C2EEC0A222F6CC5A00422421 /* 通知 */,
				C2EEC09F22F6C7CA00422421 /* Block */,
				C2EEC09C22F6C61900422421 /* RxKVO */,
				C2EEC09722F6C19B00422421 /* Rx点击事件 */,
				C2EEC07D22F5A4B700422421 /* RxListController.swift */,
			);
			path = RxList;
			sourceTree = "<group>";
		};
		C2EEC07F22F5A4DA00422421 /* UIList */ = {
			isa = PBXGroup;
			children = (
				C2EEC08022F5A4ED00422421 /* UIListController.swift */,
				C255A1ED24A5F0D400E3C0F1 /* MineViewController.swift */,
				C255A1EF24A5F2A700E3C0F1 /* TagsView.swift */,
				3844308225E7544800D31FC3 /* ImageViewController.swift */,
				38DA15BA25EE0EF000B89A43 /* EditCollectionViewCell.swift */,
				38DA15B925EE0EF000B89A43 /* EditCollectionViewCell.xib */,
				38DA15B125EE0B8600B89A43 /* UICollectionViewMove.swift */,
				382819DF25FA3AC6006A9AFA /* MassiveViewController.swift */,
				382819E425FA4C5C006A9AFA /* MVCController.swift */,
				382819E725FA4D02006A9AFA /* ToDoItem.swift */,
				38D5E7A425FF2D1B007C35DE /* TitleTagViewController.swift */,
				3896199A288EB418009C7DA9 /* LocalizableController.swift */,
				3873E86128BF64370064CBAC /* IconFontController.swift */,
				3818996A28DC8A84006541D9 /* PopTriangleController.swift */,
			);
			path = UIList;
			sourceTree = "<group>";
		};
		C2EEC08222F5AB8200422421 /* SwiftList */ = {
			isa = PBXGroup;
			children = (
				C2EEC09222F6BC1B00422421 /* 类和结构体 */,
				C2EEC08F22F6B99600422421 /* 关键词 */,
				C2EEC08522F6A2BD00422421 /* 单利 */,
				C2EEC08322F5AB9000422421 /* SwiftController.swift */,
				380170A126CE8E9E00672A16 /* SubStringCnotroller.swift */,
			);
			path = SwiftList;
			sourceTree = "<group>";
		};
		C2EEC08522F6A2BD00422421 /* 单利 */ = {
			isa = PBXGroup;
			children = (
				C2EEC08622F6A31D00422421 /* SharedController.swift */,
			);
			path = "单利";
			sourceTree = "<group>";
		};
		C2EEC08822F6A64800422421 /* Model */ = {
			isa = PBXGroup;
			children = (
			);
			path = Model;
			sourceTree = "<group>";
		};
		C2EEC08F22F6B99600422421 /* 关键词 */ = {
			isa = PBXGroup;
			children = (
				C2EEC09022F6B9B200422421 /* KeywordController.swift */,
			);
			path = "关键词";
			sourceTree = "<group>";
		};
		C2EEC09222F6BC1B00422421 /* 类和结构体 */ = {
			isa = PBXGroup;
			children = (
				C2EEC09522F6BDD500422421 /* clsStru.png */,
				C2EEC09322F6BC3000422421 /* ClsStruController.swift */,
			);
			path = "类和结构体";
			sourceTree = "<group>";
		};
		C2EEC09722F6C19B00422421 /* Rx点击事件 */ = {
			isa = PBXGroup;
			children = (
				C2EEC09822F6C1CD00422421 /* TargetActionController.swift */,
			);
			path = "Rx点击事件";
			sourceTree = "<group>";
		};
		C2EEC09C22F6C61900422421 /* RxKVO */ = {
			isa = PBXGroup;
			children = (
				C2EEC09D22F6C63200422421 /* KVOController.swift */,
			);
			path = RxKVO;
			sourceTree = "<group>";
		};
		C2EEC09F22F6C7CA00422421 /* Block */ = {
			isa = PBXGroup;
			children = (
				C2EEC0A022F6C7DF00422421 /* BlockController.swift */,
			);
			path = Block;
			sourceTree = "<group>";
		};
		C2EEC0A222F6CC5A00422421 /* 通知 */ = {
			isa = PBXGroup;
			children = (
				C2EEC0A322F6CCD700422421 /* NotiController.swift */,
			);
			path = "通知";
			sourceTree = "<group>";
		};
		C2FCC0F922FA7C4A001C6A2A /* 登录 */ = {
			isa = PBXGroup;
			children = (
				C2FCC0FA22FA7EEB001C6A2A /* LoginController.swift */,
				C2FCC0FC22FA7EF7001C6A2A /* CodeController.swift */,
				C274B3A622FC0A43004DF760 /* LoginViewModel.swift */,
			);
			path = "登录";
			sourceTree = "<group>";
		};
		C2FCC10222FAB4C9001C6A2A /* ViewModel */ = {
			isa = PBXGroup;
			children = (
			);
			path = ViewModel;
			sourceTree = "<group>";
		};
		F82B04C5C86D518C9F10CB97 /* Pods */ = {
			isa = PBXGroup;
			children = (
				A676FBFC02F753101685184E /* Pods-RxSwiftWorkspace.debug.xcconfig */,
				042020900BECC8A0C92E4B72 /* Pods-RxSwiftWorkspace.release.xcconfig */,
				91C73C57FE26ED99AD06EA47 /* Pods-RxSwiftWorkspace.appstore.xcconfig */,
			);
			path = Pods;
			sourceTree = "<group>";
		};
/* End PBXGroup section */

/* Begin PBXNativeTarget section */
		C2EEC04822F5808900422421 /* RxSwiftWorkspace */ = {
			isa = PBXNativeTarget;
			buildConfigurationList = C2EEC05B22F5808B00422421 /* Build configuration list for PBXNativeTarget "RxSwiftWorkspace" */;
			buildPhases = (
				6D459CF2FF32849942E3AB22 /* [CP] Check Pods Manifest.lock */,
				C2EEC04522F5808900422421 /* Sources */,
				C2EEC04622F5808900422421 /* Frameworks */,
				C2EEC04722F5808900422421 /* Resources */,
				3E74D8491F39A2305E9DEE15 /* [CP] Embed Pods Frameworks */,
				3845892425FB6CA20012DA6A /* ShellScript */,
			);
			buildRules = (
			);
			dependencies = (
			);
			name = RxSwiftWorkspace;
			productName = RxSwiftWorkspace;
			productReference = C2EEC04922F5808900422421 /* RxSwiftWorkspace.app */;
			productType = "com.apple.product-type.application";
		};
/* End PBXNativeTarget section */

/* Begin PBXProject section */
		C2EEC04122F5808900422421 /* Project object */ = {
			isa = PBXProject;
			attributes = {
				LastSwiftUpdateCheck = 1030;
				LastUpgradeCheck = 1030;
				ORGANIZATIONNAME = lym;
				TargetAttributes = {
					C2EEC04822F5808900422421 = {
						CreatedOnToolsVersion = 10.3;
					};
				};
			};
			buildConfigurationList = C2EEC04422F5808900422421 /* Build configuration list for PBXProject "RxSwiftWorkspace" */;
			compatibilityVersion = "Xcode 9.3";
			developmentRegion = en;
			hasScannedForEncodings = 0;
			knownRegions = (
				en,
				Base,
				"zh-Hans",
				th,
			);
			mainGroup = C2EEC04022F5808900422421;
			productRefGroup = C2EEC04A22F5808900422421 /* Products */;
			projectDirPath = "";
			projectRoot = "";
			targets = (
				C2EEC04822F5808900422421 /* RxSwiftWorkspace */,
			);
		};
/* End PBXProject section */

/* Begin PBXResourcesBuildPhase section */
		C2EEC04722F5808900422421 /* Resources */ = {
			isa = PBXResourcesBuildPhase;
			buildActionMask = 2147483647;
			files = (
				C2EEC05722F5808B00422421 /* LaunchScreen.storyboard in Resources */,
				C2EEC05422F5808B00422421 /* Assets.xcassets in Resources */,
				3873E85E28BF63B90064CBAC /* iconfont.ttf in Resources */,
				C2EEC09622F6BDD500422421 /* clsStru.png in Resources */,
				38961990288EB39D009C7DA9 /* Localizable.strings in Resources */,
				C2EEC07422F5811A00422421 /* TabBar.json in Resources */,
				38961995288EB3A6009C7DA9 /* Localizable.stringsdict in Resources */,
				38DA15BB25EE0EF000B89A43 /* EditCollectionViewCell.xib in Resources */,
				C258BDA623C431D400C63040 /* Storyboard.storyboard in Resources */,
			);
			runOnlyForDeploymentPostprocessing = 0;
		};
/* End PBXResourcesBuildPhase section */

/* Begin PBXShellScriptBuildPhase section */
		3845892425FB6CA20012DA6A /* ShellScript */ = {
			isa = PBXShellScriptBuildPhase;
			buildActionMask = 2147483647;
			files = (
			);
			inputFileListPaths = (
			);
			inputPaths = (
			);
			outputFileListPaths = (
			);
			outputPaths = (
			);
			runOnlyForDeploymentPostprocessing = 0;
			shellPath = /bin/sh;
			shellScript = "# Type a script or drag a script file from your workspace to insert its path.\nif which swiftlint >/dev/null; then\n  swiftlint\nelse\n  echo \"warning: SwiftLint not installed, download from https://github.com/realm/SwiftLint\"\nfi\n";
		};
		3E74D8491F39A2305E9DEE15 /* [CP] Embed Pods Frameworks */ = {
			isa = PBXShellScriptBuildPhase;
			buildActionMask = 2147483647;
			files = (
			);
			inputFileListPaths = (
				"${PODS_ROOT}/Target Support Files/Pods-RxSwiftWorkspace/Pods-RxSwiftWorkspace-frameworks-${CONFIGURATION}-input-files.xcfilelist",
			);
			name = "[CP] Embed Pods Frameworks";
			outputFileListPaths = (
				"${PODS_ROOT}/Target Support Files/Pods-RxSwiftWorkspace/Pods-RxSwiftWorkspace-frameworks-${CONFIGURATION}-output-files.xcfilelist",
			);
			runOnlyForDeploymentPostprocessing = 0;
			shellPath = /bin/sh;
			shellScript = "\"${PODS_ROOT}/Target Support Files/Pods-RxSwiftWorkspace/Pods-RxSwiftWorkspace-frameworks.sh\"\n";
			showEnvVarsInLog = 0;
		};
		6D459CF2FF32849942E3AB22 /* [CP] Check Pods Manifest.lock */ = {
			isa = PBXShellScriptBuildPhase;
			buildActionMask = 2147483647;
			files = (
			);
			inputFileListPaths = (
			);
			inputPaths = (
				"${PODS_PODFILE_DIR_PATH}/Podfile.lock",
				"${PODS_ROOT}/Manifest.lock",
			);
			name = "[CP] Check Pods Manifest.lock";
			outputFileListPaths = (
			);
			outputPaths = (
				"$(DERIVED_FILE_DIR)/Pods-RxSwiftWorkspace-checkManifestLockResult.txt",
			);
			runOnlyForDeploymentPostprocessing = 0;
			shellPath = /bin/sh;
			shellScript = "diff \"${PODS_PODFILE_DIR_PATH}/Podfile.lock\" \"${PODS_ROOT}/Manifest.lock\" > /dev/null\nif [ $? != 0 ] ; then\n    # print error to STDERR\n    echo \"error: The sandbox is not in sync with the Podfile.lock. Run 'pod install' or update your CocoaPods installation.\" >&2\n    exit 1\nfi\n# This output is used by Xcode 'outputs' to avoid re-running this script phase.\necho \"SUCCESS\" > \"${SCRIPT_OUTPUT_FILE_0}\"\n";
			showEnvVarsInLog = 0;
		};
/* End PBXShellScriptBuildPhase section */

/* Begin PBXSourcesBuildPhase section */
		C2EEC04522F5808900422421 /* Sources */ = {
			isa = PBXSourcesBuildPhase;
			buildActionMask = 2147483647;
			files = (
				C274B3AE22FD0C81004DF760 /* AsunBasicAttributes.swift in Sources */,
				3873E86228BF64370064CBAC /* IconFontController.swift in Sources */,
				C2EEC07522F5811A00422421 /* YMTabBarController.swift in Sources */,
				C2EEC08422F5AB9000422421 /* SwiftController.swift in Sources */,
				C2EEC07622F5811A00422421 /* YMNavigationController.swift in Sources */,
				382819E025FA3AC6006A9AFA /* MassiveViewController.swift in Sources */,
				C2EEC07722F5811A00422421 /* BaseData.swift in Sources */,
				38DA15BC25EE0EF000B89A43 /* EditCollectionViewCell.swift in Sources */,
				C2FAC43C22F95D070089B3E4 /* LoginAPI.swift in Sources */,
				C274B3A922FC22AA004DF760 /* UIView+Rx.swift in Sources */,
				C2FCC11422FAC63C001C6A2A /* BaseViewModel.swift in Sources */,
				3873E85D28BF63B90064CBAC /* IconFontCode.swift in Sources */,
				C2FCC11022FAC5E4001C6A2A /* UIView+Ext.swift in Sources */,
				3888E59B262840B200B17EA9 /* NSNumber+Ext.swift in Sources */,
				C2EEC09922F6C1CD00422421 /* TargetActionController.swift in Sources */,
				C2EEC08E22F6AD5C00422421 /* BaseViewController.swift in Sources */,
				C2EEC09B22F6C3B400422421 /* BaseTableViewController.swift in Sources */,
				C2EEC08C22F6A9CE00422421 /* Common.swift in Sources */,
				C2EEC09E22F6C63200422421 /* KVOController.swift in Sources */,
				C2FAC43A22F954290089B3E4 /* BaseAPI.swift in Sources */,
				C2FCC10F22FAC5E4001C6A2A /* Tools.swift in Sources */,
				C2FCC0FD22FA7EF7001C6A2A /* CodeController.swift in Sources */,
				C2EEC04D22F5808900422421 /* AppDelegate.swift in Sources */,
				C2EEC08122F5A4ED00422421 /* UIListController.swift in Sources */,
				C255A1F024A5F2A700E3C0F1 /* TagsView.swift in Sources */,
				C2EEC09122F6B9B200422421 /* KeywordController.swift in Sources */,
				C274B3AF22FD0C81004DF760 /* CodeView.swift in Sources */,
				C2EEC08722F6A31D00422421 /* SharedController.swift in Sources */,
				C274B3A722FC0A43004DF760 /* LoginViewModel.swift in Sources */,
				C2EEC09422F6BC3000422421 /* ClsStruController.swift in Sources */,
				C255A1EE24A5F0D400E3C0F1 /* MineViewController.swift in Sources */,
				382819E525FA4C5C006A9AFA /* MVCController.swift in Sources */,
				C2FCC0FB22FA7EEB001C6A2A /* LoginController.swift in Sources */,
				C2FCC11122FAC5E4001C6A2A /* String+Ext.swift in Sources */,
				C2EEC07E22F5A4B700422421 /* RxListController.swift in Sources */,
				380170A226CE8E9E00672A16 /* SubStringCnotroller.swift in Sources */,
				38DA15B225EE0B8600B89A43 /* UICollectionViewMove.swift in Sources */,
				3896199B288EB418009C7DA9 /* LocalizableController.swift in Sources */,
				3818996B28DC8A84006541D9 /* PopTriangleController.swift in Sources */,
				38D5E7A525FF2D1B007C35DE /* TitleTagViewController.swift in Sources */,
				C2EEC0A122F6C7DF00422421 /* BlockController.swift in Sources */,
				C2FCC11222FAC5E4001C6A2A /* UIColor+Ext.swift in Sources */,
				382819E825FA4D02006A9AFA /* ToDoItem.swift in Sources */,
				3844308325E7544800D31FC3 /* ImageViewController.swift in Sources */,
				3888E5A12628410A00B17EA9 /* Bundle+Ext.swift in Sources */,
				3888E5A4262943C900B17EA9 /* CALayer+Ext.swift in Sources */,
				C2EEC0A422F6CCD700422421 /* NotiController.swift in Sources */,
				3888E59E262840CD00B17EA9 /* UIWindow+Ext.swift in Sources */,
				3873E86028BF63B90064CBAC /* MWIconFont.swift in Sources */,
			);
			runOnlyForDeploymentPostprocessing = 0;
		};
/* End PBXSourcesBuildPhase section */

/* Begin PBXVariantGroup section */
		38961992288EB39D009C7DA9 /* Localizable.strings */ = {
			isa = PBXVariantGroup;
			children = (
				38961991288EB39D009C7DA9 /* en */,
				38961993288EB39F009C7DA9 /* zh-Hans */,
				38961994288EB3A0009C7DA9 /* th */,
			);
			name = Localizable.strings;
			sourceTree = "<group>";
		};
		38961997288EB3A6009C7DA9 /* Localizable.stringsdict */ = {
			isa = PBXVariantGroup;
			children = (
				38961996288EB3A6009C7DA9 /* en */,
				38961998288EB3A8009C7DA9 /* zh-Hans */,
				38961999288EB3A9009C7DA9 /* th */,
			);
			name = Localizable.stringsdict;
			sourceTree = "<group>";
		};
		C2EEC05522F5808B00422421 /* LaunchScreen.storyboard */ = {
			isa = PBXVariantGroup;
			children = (
				C2EEC05622F5808B00422421 /* Base */,
				3896198E288EB38A009C7DA9 /* zh-Hans */,
				3896198F288EB392009C7DA9 /* th */,
			);
			name = LaunchScreen.storyboard;
			sourceTree = "<group>";
		};
/* End PBXVariantGroup section */

/* Begin XCBuildConfiguration section */
		38C1C8052872976D00B7AF60 /* AppStore */ = {
			isa = XCBuildConfiguration;
			baseConfigurationReference = 38C1C80C287299AF00B7AF60 /* AppStoreProject.xcconfig */;
			buildSettings = {
				ALWAYS_SEARCH_USER_PATHS = NO;
				CLANG_ANALYZER_LOCALIZABILITY_NONLOCALIZED = YES;
				CLANG_ANALYZER_NONNULL = YES;
				CLANG_ANALYZER_NUMBER_OBJECT_CONVERSION = YES_AGGRESSIVE;
				CLANG_CXX_LANGUAGE_STANDARD = "gnu++14";
				CLANG_CXX_LIBRARY = "libc++";
				CLANG_ENABLE_MODULES = YES;
				CLANG_ENABLE_OBJC_ARC = YES;
				CLANG_ENABLE_OBJC_WEAK = YES;
				CLANG_WARN_BLOCK_CAPTURE_AUTORELEASING = YES;
				CLANG_WARN_BOOL_CONVERSION = YES;
				CLANG_WARN_COMMA = YES;
				CLANG_WARN_CONSTANT_CONVERSION = YES;
				CLANG_WARN_DEPRECATED_OBJC_IMPLEMENTATIONS = YES;
				CLANG_WARN_DIRECT_OBJC_ISA_USAGE = YES_ERROR;
				CLANG_WARN_DOCUMENTATION_COMMENTS = YES;
				CLANG_WARN_EMPTY_BODY = YES;
				CLANG_WARN_ENUM_CONVERSION = YES;
				CLANG_WARN_INFINITE_RECURSION = YES;
				CLANG_WARN_INT_CONVERSION = YES;
				CLANG_WARN_NON_LITERAL_NULL_CONVERSION = YES;
				CLANG_WARN_OBJC_IMPLICIT_RETAIN_SELF = YES;
				CLANG_WARN_OBJC_LITERAL_CONVERSION = YES;
				CLANG_WARN_OBJC_ROOT_CLASS = YES_ERROR;
				CLANG_WARN_RANGE_LOOP_ANALYSIS = YES;
				CLANG_WARN_STRICT_PROTOTYPES = YES;
				CLANG_WARN_SUSPICIOUS_MOVE = YES;
				CLANG_WARN_UNGUARDED_AVAILABILITY = YES_AGGRESSIVE;
				CLANG_WARN_UNREACHABLE_CODE = YES;
				CLANG_WARN__DUPLICATE_METHOD_MATCH = YES;
				CODE_SIGN_IDENTITY = "iPhone Developer";
				COPY_PHASE_STRIP = NO;
				DEBUG_INFORMATION_FORMAT = "dwarf-with-dsym";
				ENABLE_NS_ASSERTIONS = NO;
				ENABLE_STRICT_OBJC_MSGSEND = YES;
				GCC_C_LANGUAGE_STANDARD = gnu11;
				GCC_NO_COMMON_BLOCKS = YES;
				GCC_WARN_64_TO_32_BIT_CONVERSION = YES;
				GCC_WARN_ABOUT_RETURN_TYPE = YES_ERROR;
				GCC_WARN_UNDECLARED_SELECTOR = YES;
				GCC_WARN_UNINITIALIZED_AUTOS = YES_AGGRESSIVE;
				GCC_WARN_UNUSED_FUNCTION = YES;
				GCC_WARN_UNUSED_VARIABLE = YES;
				IPHONEOS_DEPLOYMENT_TARGET = 12.4;
				MTL_ENABLE_DEBUG_INFO = NO;
				MTL_FAST_MATH = YES;
				SDKROOT = iphoneos;
				SWIFT_COMPILATION_MODE = wholemodule;
				SWIFT_OPTIMIZATION_LEVEL = "-O";
				VALIDATE_PRODUCT = YES;
			};
			name = AppStore;
		};
		38C1C8062872976D00B7AF60 /* AppStore */ = {
			isa = XCBuildConfiguration;
			baseConfigurationReference = 38C1C80F28729A9700B7AF60 /* AppStoreTarget.xcconfig */;
			buildSettings = {
				ASSETCATALOG_COMPILER_APPICON_NAME = AppIcon;
				CODE_SIGN_STYLE = Automatic;
				DEVELOPMENT_TEAM = DFT44L6T2M;
				INFOPLIST_FILE = RxSwiftWorkspace/Info.plist;
				LD_RUNPATH_SEARCH_PATHS = (
					"$(inherited)",
					"@executable_path/Frameworks",
				);
				PRODUCT_NAME = "$(TARGET_NAME)";
				SWIFT_VERSION = 5.0;
				TARGETED_DEVICE_FAMILY = 1;
			};
			name = AppStore;
		};
		C2EEC05922F5808B00422421 /* Debug */ = {
			isa = XCBuildConfiguration;
			baseConfigurationReference = 38C1C80E28729A8A00B7AF60 /* DebugProject.xcconfig */;
			buildSettings = {
				ALWAYS_SEARCH_USER_PATHS = NO;
				CLANG_ANALYZER_LOCALIZABILITY_NONLOCALIZED = YES;
				CLANG_ANALYZER_NONNULL = YES;
				CLANG_ANALYZER_NUMBER_OBJECT_CONVERSION = YES_AGGRESSIVE;
				CLANG_CXX_LANGUAGE_STANDARD = "gnu++14";
				CLANG_CXX_LIBRARY = "libc++";
				CLANG_ENABLE_MODULES = YES;
				CLANG_ENABLE_OBJC_ARC = YES;
				CLANG_ENABLE_OBJC_WEAK = YES;
				CLANG_WARN_BLOCK_CAPTURE_AUTORELEASING = YES;
				CLANG_WARN_BOOL_CONVERSION = YES;
				CLANG_WARN_COMMA = YES;
				CLANG_WARN_CONSTANT_CONVERSION = YES;
				CLANG_WARN_DEPRECATED_OBJC_IMPLEMENTATIONS = YES;
				CLANG_WARN_DIRECT_OBJC_ISA_USAGE = YES_ERROR;
				CLANG_WARN_DOCUMENTATION_COMMENTS = YES;
				CLANG_WARN_EMPTY_BODY = YES;
				CLANG_WARN_ENUM_CONVERSION = YES;
				CLANG_WARN_INFINITE_RECURSION = YES;
				CLANG_WARN_INT_CONVERSION = YES;
				CLANG_WARN_NON_LITERAL_NULL_CONVERSION = YES;
				CLANG_WARN_OBJC_IMPLICIT_RETAIN_SELF = YES;
				CLANG_WARN_OBJC_LITERAL_CONVERSION = YES;
				CLANG_WARN_OBJC_ROOT_CLASS = YES_ERROR;
				CLANG_WARN_RANGE_LOOP_ANALYSIS = YES;
				CLANG_WARN_STRICT_PROTOTYPES = YES;
				CLANG_WARN_SUSPICIOUS_MOVE = YES;
				CLANG_WARN_UNGUARDED_AVAILABILITY = YES_AGGRESSIVE;
				CLANG_WARN_UNREACHABLE_CODE = YES;
				CLANG_WARN__DUPLICATE_METHOD_MATCH = YES;
				CODE_SIGN_IDENTITY = "iPhone Developer";
				COPY_PHASE_STRIP = NO;
				DEBUG_INFORMATION_FORMAT = dwarf;
				ENABLE_STRICT_OBJC_MSGSEND = YES;
				ENABLE_TESTABILITY = YES;
				GCC_C_LANGUAGE_STANDARD = gnu11;
				GCC_DYNAMIC_NO_PIC = NO;
				GCC_NO_COMMON_BLOCKS = YES;
				GCC_OPTIMIZATION_LEVEL = 0;
				GCC_PREPROCESSOR_DEFINITIONS = (
					"DEBUG=1",
					"$(inherited)",
				);
				GCC_WARN_64_TO_32_BIT_CONVERSION = YES;
				GCC_WARN_ABOUT_RETURN_TYPE = YES_ERROR;
				GCC_WARN_UNDECLARED_SELECTOR = YES;
				GCC_WARN_UNINITIALIZED_AUTOS = YES_AGGRESSIVE;
				GCC_WARN_UNUSED_FUNCTION = YES;
				GCC_WARN_UNUSED_VARIABLE = YES;
				IPHONEOS_DEPLOYMENT_TARGET = 12.4;
				MTL_ENABLE_DEBUG_INFO = INCLUDE_SOURCE;
				MTL_FAST_MATH = YES;
				ONLY_ACTIVE_ARCH = YES;
				SDKROOT = iphoneos;
				SWIFT_ACTIVE_COMPILATION_CONDITIONS = DEBUG;
				SWIFT_OPTIMIZATION_LEVEL = "-Onone";
			};
			name = Debug;
		};
		C2EEC05A22F5808B00422421 /* Release */ = {
			isa = XCBuildConfiguration;
			baseConfigurationReference = 38C1C80D28729A8000B7AF60 /* ReleaseProject.xcconfig */;
			buildSettings = {
				ALWAYS_SEARCH_USER_PATHS = NO;
				CLANG_ANALYZER_LOCALIZABILITY_NONLOCALIZED = YES;
				CLANG_ANALYZER_NONNULL = YES;
				CLANG_ANALYZER_NUMBER_OBJECT_CONVERSION = YES_AGGRESSIVE;
				CLANG_CXX_LANGUAGE_STANDARD = "gnu++14";
				CLANG_CXX_LIBRARY = "libc++";
				CLANG_ENABLE_MODULES = YES;
				CLANG_ENABLE_OBJC_ARC = YES;
				CLANG_ENABLE_OBJC_WEAK = YES;
				CLANG_WARN_BLOCK_CAPTURE_AUTORELEASING = YES;
				CLANG_WARN_BOOL_CONVERSION = YES;
				CLANG_WARN_COMMA = YES;
				CLANG_WARN_CONSTANT_CONVERSION = YES;
				CLANG_WARN_DEPRECATED_OBJC_IMPLEMENTATIONS = YES;
				CLANG_WARN_DIRECT_OBJC_ISA_USAGE = YES_ERROR;
				CLANG_WARN_DOCUMENTATION_COMMENTS = YES;
				CLANG_WARN_EMPTY_BODY = YES;
				CLANG_WARN_ENUM_CONVERSION = YES;
				CLANG_WARN_INFINITE_RECURSION = YES;
				CLANG_WARN_INT_CONVERSION = YES;
				CLANG_WARN_NON_LITERAL_NULL_CONVERSION = YES;
				CLANG_WARN_OBJC_IMPLICIT_RETAIN_SELF = YES;
				CLANG_WARN_OBJC_LITERAL_CONVERSION = YES;
				CLANG_WARN_OBJC_ROOT_CLASS = YES_ERROR;
				CLANG_WARN_RANGE_LOOP_ANALYSIS = YES;
				CLANG_WARN_STRICT_PROTOTYPES = YES;
				CLANG_WARN_SUSPICIOUS_MOVE = YES;
				CLANG_WARN_UNGUARDED_AVAILABILITY = YES_AGGRESSIVE;
				CLANG_WARN_UNREACHABLE_CODE = YES;
				CLANG_WARN__DUPLICATE_METHOD_MATCH = YES;
				CODE_SIGN_IDENTITY = "iPhone Developer";
				COPY_PHASE_STRIP = NO;
				DEBUG_INFORMATION_FORMAT = "dwarf-with-dsym";
				ENABLE_NS_ASSERTIONS = NO;
				ENABLE_STRICT_OBJC_MSGSEND = YES;
				GCC_C_LANGUAGE_STANDARD = gnu11;
				GCC_NO_COMMON_BLOCKS = YES;
				GCC_WARN_64_TO_32_BIT_CONVERSION = YES;
				GCC_WARN_ABOUT_RETURN_TYPE = YES_ERROR;
				GCC_WARN_UNDECLARED_SELECTOR = YES;
				GCC_WARN_UNINITIALIZED_AUTOS = YES_AGGRESSIVE;
				GCC_WARN_UNUSED_FUNCTION = YES;
				GCC_WARN_UNUSED_VARIABLE = YES;
				IPHONEOS_DEPLOYMENT_TARGET = 12.4;
				MTL_ENABLE_DEBUG_INFO = NO;
				MTL_FAST_MATH = YES;
				SDKROOT = iphoneos;
				SWIFT_COMPILATION_MODE = wholemodule;
				SWIFT_OPTIMIZATION_LEVEL = "-O";
				VALIDATE_PRODUCT = YES;
			};
			name = Release;
		};
		C2EEC05C22F5808B00422421 /* Debug */ = {
			isa = XCBuildConfiguration;
			baseConfigurationReference = 38C1C81028729AA000B7AF60 /* DebugTarget.xcconfig */;
			buildSettings = {
				ASSETCATALOG_COMPILER_APPICON_NAME = AppIcon;
				CODE_SIGN_STYLE = Automatic;
				DEVELOPMENT_TEAM = DFT44L6T2M;
				INFOPLIST_FILE = RxSwiftWorkspace/Info.plist;
				LD_RUNPATH_SEARCH_PATHS = (
					"$(inherited)",
					"@executable_path/Frameworks",
				);
				PRODUCT_NAME = "$(TARGET_NAME)";
				SWIFT_VERSION = 5.0;
				TARGETED_DEVICE_FAMILY = 1;
			};
			name = Debug;
		};
		C2EEC05D22F5808B00422421 /* Release */ = {
			isa = XCBuildConfiguration;
			baseConfigurationReference = 38C1C81128729AAB00B7AF60 /* ReleaseTarget.xcconfig */;
			buildSettings = {
				ASSETCATALOG_COMPILER_APPICON_NAME = AppIcon;
				CODE_SIGN_STYLE = Automatic;
				DEVELOPMENT_TEAM = DFT44L6T2M;
				INFOPLIST_FILE = RxSwiftWorkspace/Info.plist;
				LD_RUNPATH_SEARCH_PATHS = (
					"$(inherited)",
					"@executable_path/Frameworks",
				);
				PRODUCT_NAME = "$(TARGET_NAME)";
				SWIFT_VERSION = 5.0;
				TARGETED_DEVICE_FAMILY = 1;
			};
			name = Release;
		};
/* End XCBuildConfiguration section */

/* Begin XCConfigurationList section */
		C2EEC04422F5808900422421 /* Build configuration list for PBXProject "RxSwiftWorkspace" */ = {
			isa = XCConfigurationList;
			buildConfigurations = (
				C2EEC05922F5808B00422421 /* Debug */,
				C2EEC05A22F5808B00422421 /* Release */,
				38C1C8052872976D00B7AF60 /* AppStore */,
			);
			defaultConfigurationIsVisible = 0;
			defaultConfigurationName = Release;
		};
		C2EEC05B22F5808B00422421 /* Build configuration list for PBXNativeTarget "RxSwiftWorkspace" */ = {
			isa = XCConfigurationList;
			buildConfigurations = (
				C2EEC05C22F5808B00422421 /* Debug */,
				C2EEC05D22F5808B00422421 /* Release */,
				38C1C8062872976D00B7AF60 /* AppStore */,
			);
			defaultConfigurationIsVisible = 0;
			defaultConfigurationName = Release;
		};
/* End XCConfigurationList section */
	};
	rootObject = C2EEC04122F5808900422421 /* Project object */;
}
